// !$*UTF8*$!
{
	archiveVersion = 1;
	classes = {
	};
	objectVersion = 46;
	objects = {

/* Begin PBXBuildFile section */
		0C1BC3A11D3CC4B600D92E7A /* main.m in Sources */ = {isa = PBXBuildFile; fileRef = 0C1BC3A01D3CC4B600D92E7A /* main.m */; };
		0C1BC3A41D3CC4B600D92E7A /* AppDelegate.m in Sources */ = {isa = PBXBuildFile; fileRef = 0C1BC3A31D3CC4B600D92E7A /* AppDelegate.m */; };
		0C1BC3A71D3CC4B600D92E7A /* ViewController.m in Sources */ = {isa = PBXBuildFile; fileRef = 0C1BC3A61D3CC4B600D92E7A /* ViewController.m */; };
		0C1BC3AA1D3CC4B600D92E7A /* Main.storyboard in Resources */ = {isa = PBXBuildFile; fileRef = 0C1BC3A81D3CC4B600D92E7A /* Main.storyboard */; };
		0C1BC3AC1D3CC4B600D92E7A /* Assets.xcassets in Resources */ = {isa = PBXBuildFile; fileRef = 0C1BC3AB1D3CC4B600D92E7A /* Assets.xcassets */; };
		0C1BC3AF1D3CC4B600D92E7A /* LaunchScreen.storyboard in Resources */ = {isa = PBXBuildFile; fileRef = 0C1BC3AD1D3CC4B600D92E7A /* LaunchScreen.storyboard */; };
		0C1BC3BA1D3CCB0000D92E7A /* HcdPopMenuItem.m in Sources */ = {isa = PBXBuildFile; fileRef = 0C1BC3B91D3CCB0000D92E7A /* HcdPopMenuItem.m */; };
		0C1BC3C01D3CCB2B00D92E7A /* HcdPopMenuView.m in Sources */ = {isa = PBXBuildFile; fileRef = 0C1BC3BF1D3CCB2B00D92E7A /* HcdPopMenuView.m */; };
		0CCD7C9D1D3DE1A8008C6C07 /* toudan_icon_dingxiangtoudan.png in Resources */ = {isa = PBXBuildFile; fileRef = 0CCD7C971D3DE1A8008C6C07 /* toudan_icon_dingxiangtoudan.png */; };
		0CCD7C9E1D3DE1A8008C6C07 /* toudan_icon_dingxiangtoudan@2x.png in Resources */ = {isa = PBXBuildFile; fileRef = 0CCD7C981D3DE1A8008C6C07 /* toudan_icon_dingxiangtoudan@2x.png */; };
		0CCD7C9F1D3DE1A8008C6C07 /* toudan_icon_dingxiangtoudan@3x.png in Resources */ = {isa = PBXBuildFile; fileRef = 0CCD7C991D3DE1A8008C6C07 /* toudan_icon_dingxiangtoudan@3x.png */; };
		0CCD7CA01D3DE1A8008C6C07 /* toudan_icon_hailiangtoudan.png in Resources */ = {isa = PBXBuildFile; fileRef = 0CCD7C9A1D3DE1A8008C6C07 /* toudan_icon_hailiangtoudan.png */; };
		0CCD7CA11D3DE1A8008C6C07 /* toudan_icon_hailiangtoudan@2x.png in Resources */ = {isa = PBXBuildFile; fileRef = 0CCD7C9B1D3DE1A8008C6C07 /* toudan_icon_hailiangtoudan@2x.png */; };
		0CCD7CA21D3DE1A8008C6C07 /* toudan_icon_hailiangtoudan@3x.png in Resources */ = {isa = PBXBuildFile; fileRef = 0CCD7C9C1D3DE1A8008C6C07 /* toudan_icon_hailiangtoudan@3x.png */; };
		0CCD7CA51D3DFC10008C6C07 /* center_exit@2x.png in Resources */ = {isa = PBXBuildFile; fileRef = 0CCD7CA31D3DFC10008C6C07 /* center_exit@2x.png */; };
		0CCD7CA61D3DFC10008C6C07 /* center_exit@3x.png in Resources */ = {isa = PBXBuildFile; fileRef = 0CCD7CA41D3DFC10008C6C07 /* center_exit@3x.png */; };
		C92E739FDD20BF22AD384DDC /* libPods-HcdPopMenuDemo.a in Frameworks */ = {isa = PBXBuildFile; fileRef = 0D0990434BEB35E8A88BC739 /* libPods-HcdPopMenuDemo.a */; };
/* End PBXBuildFile section */

/* Begin PBXFileReference section */
		0C1BC39C1D3CC4B500D92E7A /* HcdPopMenuDemo.app */ = {isa = PBXFileReference; explicitFileType = wrapper.application; includeInIndex = 0; path = HcdPopMenuDemo.app; sourceTree = BUILT_PRODUCTS_DIR; };
		0C1BC3A01D3CC4B600D92E7A /* main.m */ = {isa = PBXFileReference; lastKnownFileType = sourcecode.c.objc; path = main.m; sourceTree = "<group>"; };
		0C1BC3A21D3CC4B600D92E7A /* AppDelegate.h */ = {isa = PBXFileReference; lastKnownFileType = sourcecode.c.h; path = AppDelegate.h; sourceTree = "<group>"; };
		0C1BC3A31D3CC4B600D92E7A /* AppDelegate.m */ = {isa = PBXFileReference; lastKnownFileType = sourcecode.c.objc; path = AppDelegate.m; sourceTree = "<group>"; };
		0C1BC3A51D3CC4B600D92E7A /* ViewController.h */ = {isa = PBXFileReference; lastKnownFileType = sourcecode.c.h; path = ViewController.h; sourceTree = "<group>"; };
		0C1BC3A61D3CC4B600D92E7A /* ViewController.m */ = {isa = PBXFileReference; lastKnownFileType = sourcecode.c.objc; path = ViewController.m; sourceTree = "<group>"; };
		0C1BC3A91D3CC4B600D92E7A /* Base */ = {isa = PBXFileReference; lastKnownFileType = file.storyboard; name = Base; path = Base.lproj/Main.storyboard; sourceTree = "<group>"; };
		0C1BC3AB1D3CC4B600D92E7A /* Assets.xcassets */ = {isa = PBXFileReference; lastKnownFileType = folder.assetcatalog; path = Assets.xcassets; sourceTree = "<group>"; };
		0C1BC3AE1D3CC4B600D92E7A /* Base */ = {isa = PBXFileReference; lastKnownFileType = file.storyboard; name = Base; path = Base.lproj/LaunchScreen.storyboard; sourceTree = "<group>"; };
		0C1BC3B01D3CC4B600D92E7A /* Info.plist */ = {isa = PBXFileReference; lastKnownFileType = text.plist.xml; path = Info.plist; sourceTree = "<group>"; };
		0C1BC3B71D3CCACB00D92E7A /* HcdPopMenu.h */ = {isa = PBXFileReference; lastKnownFileType = sourcecode.c.h; path = HcdPopMenu.h; sourceTree = "<group>"; };
		0C1BC3B81D3CCB0000D92E7A /* HcdPopMenuItem.h */ = {isa = PBXFileReference; fileEncoding = 4; lastKnownFileType = sourcecode.c.h; path = HcdPopMenuItem.h; sourceTree = "<group>"; };
		0C1BC3B91D3CCB0000D92E7A /* HcdPopMenuItem.m */ = {isa = PBXFileReference; fileEncoding = 4; lastKnownFileType = sourcecode.c.objc; path = HcdPopMenuItem.m; sourceTree = "<group>"; };
		0C1BC3BE1D3CCB2B00D92E7A /* HcdPopMenuView.h */ = {isa = PBXFileReference; fileEncoding = 4; lastKnownFileType = sourcecode.c.h; path = HcdPopMenuView.h; sourceTree = "<group>"; };
		0C1BC3BF1D3CCB2B00D92E7A /* HcdPopMenuView.m */ = {isa = PBXFileReference; fileEncoding = 4; lastKnownFileType = sourcecode.c.objc; path = HcdPopMenuView.m; sourceTree = "<group>"; };
		0CCD7C971D3DE1A8008C6C07 /* toudan_icon_dingxiangtoudan.png */ = {isa = PBXFileReference; lastKnownFileType = image.png; path = toudan_icon_dingxiangtoudan.png; sourceTree = "<group>"; };
		0CCD7C981D3DE1A8008C6C07 /* toudan_icon_dingxiangtoudan@2x.png */ = {isa = PBXFileReference; lastKnownFileType = image.png; path = "toudan_icon_dingxiangtoudan@2x.png"; sourceTree = "<group>"; };
		0CCD7C991D3DE1A8008C6C07 /* toudan_icon_dingxiangtoudan@3x.png */ = {isa = PBXFileReference; lastKnownFileType = image.png; path = "toudan_icon_dingxiangtoudan@3x.png"; sourceTree = "<group>"; };
		0CCD7C9A1D3DE1A8008C6C07 /* toudan_icon_hailiangtoudan.png */ = {isa = PBXFileReference; lastKnownFileType = image.png; path = toudan_icon_hailiangtoudan.png; sourceTree = "<group>"; };
		0CCD7C9B1D3DE1A8008C6C07 /* toudan_icon_hailiangtoudan@2x.png */ = {isa = PBXFileReference; lastKnownFileType = image.png; path = "toudan_icon_hailiangtoudan@2x.png"; sourceTree = "<group>"; };
		0CCD7C9C1D3DE1A8008C6C07 /* toudan_icon_hailiangtoudan@3x.png */ = {isa = PBXFileReference; lastKnownFileType = image.png; path = "toudan_icon_hailiangtoudan@3x.png"; sourceTree = "<group>"; };
		0CCD7CA31D3DFC10008C6C07 /* center_exit@2x.png */ = {isa = PBXFileReference; lastKnownFileType = image.png; path = "center_exit@2x.png"; sourceTree = "<group>"; };
		0CCD7CA41D3DFC10008C6C07 /* center_exit@3x.png */ = {isa = PBXFileReference; lastKnownFileType = image.png; path = "center_exit@3x.png"; sourceTree = "<group>"; };
		0D0990434BEB35E8A88BC739 /* libPods-HcdPopMenuDemo.a */ = {isa = PBXFileReference; explicitFileType = archive.ar; includeInIndex = 0; path = "libPods-HcdPopMenuDemo.a"; sourceTree = BUILT_PRODUCTS_DIR; };
		9850AEE05B50C6AFB87738CD /* Pods-HcdPopMenuDemo.debug.xcconfig */ = {isa = PBXFileReference; includeInIndex = 1; lastKnownFileType = text.xcconfig; name = "Pods-HcdPopMenuDemo.debug.xcconfig"; path = "Pods/Target Support Files/Pods-HcdPopMenuDemo/Pods-HcdPopMenuDemo.debug.xcconfig"; sourceTree = "<group>"; };
		D04911E946D1EF776D00341C /* Pods-HcdPopMenuDemo.release.xcconfig */ = {isa = PBXFileReference; includeInIndex = 1; lastKnownFileType = text.xcconfig; name = "Pods-HcdPopMenuDemo.release.xcconfig"; path = "Pods/Target Support Files/Pods-HcdPopMenuDemo/Pods-HcdPopMenuDemo.release.xcconfig"; sourceTree = "<group>"; };
/* End PBXFileReference section */

/* Begin PBXFrameworksBuildPhase section */
		0C1BC3991D3CC4B500D92E7A /* Frameworks */ = {
			isa = PBXFrameworksBuildPhase;
			buildActionMask = 2147483647;
			files = (
				C92E739FDD20BF22AD384DDC /* libPods-HcdPopMenuDemo.a in Frameworks */,
			);
			runOnlyForDeploymentPostprocessing = 0;
		};
/* End PBXFrameworksBuildPhase section */

/* Begin PBXGroup section */
		0C1BC3931D3CC4B500D92E7A = {
			isa = PBXGroup;
			children = (
				0C1BC39E1D3CC4B500D92E7A /* HcdPopMenuDemo */,
				0C1BC39D1D3CC4B500D92E7A /* Products */,
				7ABA994E309F98395345DBFD /* Pods */,
				5F2C397D6AFCE6EB011052BA /* Frameworks */,
			);
			sourceTree = "<group>";
		};
		0C1BC39D1D3CC4B500D92E7A /* Products */ = {
			isa = PBXGroup;
			children = (
				0C1BC39C1D3CC4B500D92E7A /* HcdPopMenuDemo.app */,
			);
			name = Products;
			sourceTree = "<group>";
		};
		0C1BC39E1D3CC4B500D92E7A /* HcdPopMenuDemo */ = {
			isa = PBXGroup;
			children = (
				0C1BC3C11D3CEFFF00D92E7A /* resource */,
				0C1BC3B61D3CC64200D92E7A /* HcdPopMenu */,
				0C1BC3A21D3CC4B600D92E7A /* AppDelegate.h */,
				0C1BC3A31D3CC4B600D92E7A /* AppDelegate.m */,
				0C1BC3A51D3CC4B600D92E7A /* ViewController.h */,
				0C1BC3A61D3CC4B600D92E7A /* ViewController.m */,
				0C1BC3A81D3CC4B600D92E7A /* Main.storyboard */,
				0C1BC3AB1D3CC4B600D92E7A /* Assets.xcassets */,
				0C1BC3AD1D3CC4B600D92E7A /* LaunchScreen.storyboard */,
				0C1BC3B01D3CC4B600D92E7A /* Info.plist */,
				0C1BC39F1D3CC4B600D92E7A /* Supporting Files */,
			);
			path = HcdPopMenuDemo;
			sourceTree = "<group>";
		};
		0C1BC39F1D3CC4B600D92E7A /* Supporting Files */ = {
			isa = PBXGroup;
			children = (
				0C1BC3A01D3CC4B600D92E7A /* main.m */,
			);
			name = "Supporting Files";
			sourceTree = "<group>";
		};
		0C1BC3B61D3CC64200D92E7A /* HcdPopMenu */ = {
			isa = PBXGroup;
			children = (
				0C1BC3B71D3CCACB00D92E7A /* HcdPopMenu.h */,
				0C1BC3B81D3CCB0000D92E7A /* HcdPopMenuItem.h */,
				0C1BC3B91D3CCB0000D92E7A /* HcdPopMenuItem.m */,
				0C1BC3BE1D3CCB2B00D92E7A /* HcdPopMenuView.h */,
				0C1BC3BF1D3CCB2B00D92E7A /* HcdPopMenuView.m */,
			);
			path = HcdPopMenu;
			sourceTree = SOURCE_ROOT;
		};
		0C1BC3C11D3CEFFF00D92E7A /* resource */ = {
			isa = PBXGroup;
			children = (
				0CCD7CA31D3DFC10008C6C07 /* center_exit@2x.png */,
				0CCD7CA41D3DFC10008C6C07 /* center_exit@3x.png */,
				0CCD7C971D3DE1A8008C6C07 /* toudan_icon_dingxiangtoudan.png */,
				0CCD7C981D3DE1A8008C6C07 /* toudan_icon_dingxiangtoudan@2x.png */,
				0CCD7C991D3DE1A8008C6C07 /* toudan_icon_dingxiangtoudan@3x.png */,
				0CCD7C9A1D3DE1A8008C6C07 /* toudan_icon_hailiangtoudan.png */,
				0CCD7C9B1D3DE1A8008C6C07 /* toudan_icon_hailiangtoudan@2x.png */,
				0CCD7C9C1D3DE1A8008C6C07 /* toudan_icon_hailiangtoudan@3x.png */,
			);
			path = resource;
			sourceTree = SOURCE_ROOT;
		};
		5F2C397D6AFCE6EB011052BA /* Frameworks */ = {
			isa = PBXGroup;
			children = (
				0D0990434BEB35E8A88BC739 /* libPods-HcdPopMenuDemo.a */,
			);
			name = Frameworks;
			sourceTree = "<group>";
		};
		7ABA994E309F98395345DBFD /* Pods */ = {
			isa = PBXGroup;
			children = (
				9850AEE05B50C6AFB87738CD /* Pods-HcdPopMenuDemo.debug.xcconfig */,
				D04911E946D1EF776D00341C /* Pods-HcdPopMenuDemo.release.xcconfig */,
			);
			name = Pods;
			sourceTree = "<group>";
		};
/* End PBXGroup section */

/* Begin PBXNativeTarget section */
		0C1BC39B1D3CC4B500D92E7A /* HcdPopMenuDemo */ = {
			isa = PBXNativeTarget;
			buildConfigurationList = 0C1BC3B31D3CC4B600D92E7A /* Build configuration list for PBXNativeTarget "HcdPopMenuDemo" */;
			buildPhases = (
				213F24AFF251B1233B0C0B73 /* [CP] Check Pods Manifest.lock */,
				0C1BC3981D3CC4B500D92E7A /* Sources */,
				0C1BC3991D3CC4B500D92E7A /* Frameworks */,
				0C1BC39A1D3CC4B500D92E7A /* Resources */,
				E9949D29F4FE270EC9260FDB /* [CP] Embed Pods Frameworks */,
				A8B613B21420B66D94B384E0 /* [CP] Copy Pods Resources */,
			);
			buildRules = (
			);
			dependencies = (
			);
			name = HcdPopMenuDemo;
			productName = HcdPopMenuDemo;
			productReference = 0C1BC39C1D3CC4B500D92E7A /* HcdPopMenuDemo.app */;
			productType = "com.apple.product-type.application";
		};
/* End PBXNativeTarget section */

/* Begin PBXProject section */
		0C1BC3941D3CC4B500D92E7A /* Project object */ = {
			isa = PBXProject;
			attributes = {
				LastUpgradeCheck = 0730;
				ORGANIZATIONNAME = Polesapp;
				TargetAttributes = {
					0C1BC39B1D3CC4B500D92E7A = {
						CreatedOnToolsVersion = 7.3.1;
					};
				};
			};
			buildConfigurationList = 0C1BC3971D3CC4B500D92E7A /* Build configuration list for PBXProject "HcdPopMenuDemo" */;
			compatibilityVersion = "Xcode 3.2";
			developmentRegion = English;
			hasScannedForEncodings = 0;
			knownRegions = (
				en,
				Base,
			);
			mainGroup = 0C1BC3931D3CC4B500D92E7A;
			productRefGroup = 0C1BC39D1D3CC4B500D92E7A /* Products */;
			projectDirPath = "";
			projectRoot = "";
			targets = (
				0C1BC39B1D3CC4B500D92E7A /* HcdPopMenuDemo */,
			);
		};
/* End PBXProject section */

/* Begin PBXResourcesBuildPhase section */
		0C1BC39A1D3CC4B500D92E7A /* Resources */ = {
			isa = PBXResourcesBuildPhase;
			buildActionMask = 2147483647;
			files = (
				0CCD7CA11D3DE1A8008C6C07 /* toudan_icon_hailiangtoudan@2x.png in Resources */,
				0CCD7CA61D3DFC10008C6C07 /* center_exit@3x.png in Resources */,
				0CCD7C9D1D3DE1A8008C6C07 /* toudan_icon_dingxiangtoudan.png in Resources */,
				0CCD7CA01D3DE1A8008C6C07 /* toudan_icon_hailiangtoudan.png in Resources */,
				0CCD7CA21D3DE1A8008C6C07 /* toudan_icon_hailiangtoudan@3x.png in Resources */,
				0CCD7CA51D3DFC10008C6C07 /* center_exit@2x.png in Resources */,
				0C1BC3AF1D3CC4B600D92E7A /* LaunchScreen.storyboard in Resources */,
				0C1BC3AC1D3CC4B600D92E7A /* Assets.xcassets in Resources */,
				0CCD7C9E1D3DE1A8008C6C07 /* toudan_icon_dingxiangtoudan@2x.png in Resources */,
				0CCD7C9F1D3DE1A8008C6C07 /* toudan_icon_dingxiangtoudan@3x.png in Resources */,
				0C1BC3AA1D3CC4B600D92E7A /* Main.storyboard in Resources */,
			);
			runOnlyForDeploymentPostprocessing = 0;
		};
/* End PBXResourcesBuildPhase section */

/* Begin PBXShellScriptBuildPhase section */
		213F24AFF251B1233B0C0B73 /* [CP] Check Pods Manifest.lock */ = {
			isa = PBXShellScriptBuildPhase;
			buildActionMask = 2147483647;
			files = (
			);
			inputPaths = (
			);
			name = "[CP] Check Pods Manifest.lock";
			outputPaths = (
			);
			runOnlyForDeploymentPostprocessing = 0;
			shellPath = /bin/sh;
			shellScript = "diff \"${PODS_ROOT}/../Podfile.lock\" \"${PODS_ROOT}/Manifest.lock\" > /dev/null\nif [[ $? != 0 ]] ; then\n    cat << EOM\nerror: The sandbox is not in sync with the Podfile.lock. Run 'pod install' or update your CocoaPods installation.\nEOM\n    exit 1\nfi\n";
			showEnvVarsInLog = 0;
		};
		A8B613B21420B66D94B384E0 /* [CP] Copy Pods Resources */ = {
			isa = PBXShellScriptBuildPhase;
			buildActionMask = 2147483647;
			files = (
			);
			inputPaths = (
			);
			name = "[CP] Copy Pods Resources";
			outputPaths = (
			);
			runOnlyForDeploymentPostprocessing = 0;
			shellPath = /bin/sh;
			shellScript = "\"${SRCROOT}/Pods/Target Support Files/Pods-HcdPopMenuDemo/Pods-HcdPopMenuDemo-resources.sh\"\n";
			showEnvVarsInLog = 0;
		};
		E9949D29F4FE270EC9260FDB /* [CP] Embed Pods Frameworks */ = {
			isa = PBXShellScriptBuildPhase;
			buildActionMask = 2147483647;
			files = (
			);
			inputPaths = (
			);
			name = "[CP] Embed Pods Frameworks";
			outputPaths = (
			);
			runOnlyForDeploymentPostprocessing = 0;
			shellPath = /bin/sh;
			shellScript = "\"${SRCROOT}/Pods/Target Support Files/Pods-HcdPopMenuDemo/Pods-HcdPopMenuDemo-frameworks.sh\"\n";
			showEnvVarsInLog = 0;
		};
/* End PBXShellScriptBuildPhase section */

/* Begin PBXSourcesBuildPhase section */
		0C1BC3981D3CC4B500D92E7A /* Sources */ = {
			isa = PBXSourcesBuildPhase;
			buildActionMask = 2147483647;
			files = (
				0C1BC3C01D3CCB2B00D92E7A /* HcdPopMenuView.m in Sources */,
				0C1BC3A71D3CC4B600D92E7A /* ViewController.m in Sources */,
				0C1BC3BA1D3CCB0000D92E7A /* HcdPopMenuItem.m in Sources */,
				0C1BC3A41D3CC4B600D92E7A /* AppDelegate.m in Sources */,
				0C1BC3A11D3CC4B600D92E7A /* main.m in Sources */,
			);
			runOnlyForDeploymentPostprocessing = 0;
		};
/* End PBXSourcesBuildPhase section */

/* Begin PBXVariantGroup section */
		0C1BC3A81D3CC4B600D92E7A /* Main.storyboard */ = {
			isa = PBXVariantGroup;
			children = (
				0C1BC3A91D3CC4B600D92E7A /* Base */,
			);
			name = Main.storyboard;
			sourceTree = "<group>";
		};
		0C1BC3AD1D3CC4B600D92E7A /* LaunchScreen.storyboard */ = {
			isa = PBXVariantGroup;
			children = (
				0C1BC3AE1D3CC4B600D92E7A /* Base */,
			);
			name = LaunchScreen.storyboard;
			sourceTree = "<group>";
		};
/* End PBXVariantGroup section */

/* Begin XCBuildConfiguration section */
		0C1BC3B11D3CC4B600D92E7A /* Debug */ = {
			isa = XCBuildConfiguration;
			buildSettings = {
				ALWAYS_SEARCH_USER_PATHS = NO;
				CLANG_ANALYZER_NONNULL = YES;
				CLANG_CXX_LANGUAGE_STANDARD = "gnu++0x";
				CLANG_CXX_LIBRARY = "libc++";
				CLANG_ENABLE_MODULES = YES;
				CLANG_ENABLE_OBJC_ARC = YES;
				CLANG_WARN_BOOL_CONVERSION = YES;
				CLANG_WARN_CONSTANT_CONVERSION = YES;
				CLANG_WARN_DIRECT_OBJC_ISA_USAGE = YES_ERROR;
				CLANG_WARN_EMPTY_BODY = YES;
				CLANG_WARN_ENUM_CONVERSION = YES;
				CLANG_WARN_INT_CONVERSION = YES;
				CLANG_WARN_OBJC_ROOT_CLASS = YES_ERROR;
				CLANG_WARN_UNREACHABLE_CODE = YES;
				CLANG_WARN__DUPLICATE_METHOD_MATCH = YES;
				"CODE_SIGN_IDENTITY[sdk=iphoneos*]" = "iPhone Developer";
				COPY_PHASE_STRIP = NO;
				DEBUG_INFORMATION_FORMAT = dwarf;
				ENABLE_STRICT_OBJC_MSGSEND = YES;
				ENABLE_TESTABILITY = YES;
				GCC_C_LANGUAGE_STANDARD = gnu99;
				GCC_DYNAMIC_NO_PIC = NO;
				GCC_NO_COMMON_BLOCKS = YES;
				GCC_OPTIMIZATION_LEVEL = 0;
				GCC_PREPROCESSOR_DEFINITIONS = (
					"DEBUG=1",
					"$(inherited)",
				);
				GCC_WARN_64_TO_32_BIT_CONVERSION = YES;
				GCC_WARN_ABOUT_RETURN_TYPE = YES_ERROR;
				GCC_WARN_UNDECLARED_SELECTOR = YES;
				GCC_WARN_UNINITIALIZED_AUTOS = YES_AGGRESSIVE;
				GCC_WARN_UNUSED_FUNCTION = YES;
				GCC_WARN_UNUSED_VARIABLE = YES;
				IPHONEOS_DEPLOYMENT_TARGET = 9.3;
				MTL_ENABLE_DEBUG_INFO = YES;
				ONLY_ACTIVE_ARCH = YES;
				SDKROOT = iphoneos;
			};
			name = Debug;
		};
		0C1BC3B21D3CC4B600D92E7A /* Release */ = {
			isa = XCBuildConfiguration;
			buildSettings = {
				ALWAYS_SEARCH_USER_PATHS = NO;
				CLANG_ANALYZER_NONNULL = YES;
				CLANG_CXX_LANGUAGE_STANDARD = "gnu++0x";
				CLANG_CXX_LIBRARY = "libc++";
				CLANG_ENABLE_MODULES = YES;
				CLANG_ENABLE_OBJC_ARC = YES;
				CLANG_WARN_BOOL_CONVERSION = YES;
				CLANG_WARN_CONSTANT_CONVERSION = YES;
				CLANG_WARN_DIRECT_OBJC_ISA_USAGE = YES_ERROR;
				CLANG_WARN_EMPTY_BODY = YES;
				CLANG_WARN_ENUM_CONVERSION = YES;
				CLANG_WARN_INT_CONVERSION = YES;
				CLANG_WARN_OBJC_ROOT_CLASS = YES_ERROR;
				CLANG_WARN_UNREACHABLE_CODE = YES;
				CLANG_WARN__DUPLICATE_METHOD_MATCH = YES;
				"CODE_SIGN_IDENTITY[sdk=iphoneos*]" = "iPhone Developer";
				COPY_PHASE_STRIP = NO;
				DEBUG_INFORMATION_FORMAT = "dwarf-with-dsym";
				ENABLE_NS_ASSERTIONS = NO;
				ENABLE_STRICT_OBJC_MSGSEND = YES;
				GCC_C_LANGUAGE_STANDARD = gnu99;
				GCC_NO_COMMON_BLOCKS = YES;
				GCC_WARN_64_TO_32_BIT_CONVERSION = YES;
				GCC_WARN_ABOUT_RETURN_TYPE = YES_ERROR;
				GCC_WARN_UNDECLARED_SELECTOR = YES;
				GCC_WARN_UNINITIALIZED_AUTOS = YES_AGGRESSIVE;
				GCC_WARN_UNUSED_FUNCTION = YES;
				GCC_WARN_UNUSED_VARIABLE = YES;
				IPHONEOS_DEPLOYMENT_TARGET = 9.3;
				MTL_ENABLE_DEBUG_INFO = NO;
				SDKROOT = iphoneos;
				VALIDATE_PRODUCT = YES;
			};
			name = Release;
		};
		0C1BC3B41D3CC4B600D92E7A /* Debug */ = {
			isa = XCBuildConfiguration;
			baseConfigurationReference = 9850AEE05B50C6AFB87738CD /* Pods-HcdPopMenuDemo.debug.xcconfig */;
			buildSettings = {
				ASSETCATALOG_COMPILER_APPICON_NAME = AppIcon;
				INFOPLIST_FILE = HcdPopMenuDemo/Info.plist;
				LD_RUNPATH_SEARCH_PATHS = "$(inherited) @executable_path/Frameworks";
				PRODUCT_BUNDLE_IDENTIFIER = jvaeyhcd.cc.HcdPopMenuDemo;
				PRODUCT_NAME = "$(TARGET_NAME)";
			};
			name = Debug;
		};
		0C1BC3B51D3CC4B600D92E7A /* Release */ = {
			isa = XCBuildConfiguration;
			baseConfigurationReference = D04911E946D1EF776D00341C /* Pods-HcdPopMenuDemo.release.xcconfig */;
			buildSettings = {
				ASSETCATALOG_COMPILER_APPICON_NAME = AppIcon;
				INFOPLIST_FILE = HcdPopMenuDemo/Info.plist;
				LD_RUNPATH_SEARCH_PATHS = "$(inherited) @executable_path/Frameworks";
				PRODUCT_BUNDLE_IDENTIFIER = jvaeyhcd.cc.HcdPopMenuDemo;
				PRODUCT_NAME = "$(TARGET_NAME)";
			};
			name = Release;
		};
/* End XCBuildConfiguration section */

/* Begin XCConfigurationList section */
		0C1BC3971D3CC4B500D92E7A /* Build configuration list for PBXProject "HcdPopMenuDemo" */ = {
			isa = XCConfigurationList;
			buildConfigurations = (
				0C1BC3B11D3CC4B600D92E7A /* Debug */,
				0C1BC3B21D3CC4B600D92E7A /* Release */,
			);
			defaultConfigurationIsVisible = 0;
			defaultConfigurationName = Release;
		};
		0C1BC3B31D3CC4B600D92E7A /* Build configuration list for PBXNativeTarget "HcdPopMenuDemo" */ = {
			isa = XCConfigurationList;
			buildConfigurations = (
				0C1BC3B41D3CC4B600D92E7A /* Debug */,
				0C1BC3B51D3CC4B600D92E7A /* Release */,
			);
			defaultConfigurationIsVisible = 0;
			defaultConfigurationName = Release;
		};
/* End XCConfigurationList section */
	};
	rootObject = 0C1BC3941D3CC4B500D92E7A /* Project object */;
}
